{
  "name": "mama",
  "version": "1.0.0",
  "lockfileVersion": 1,
  "requires": true,
  "dependencies": {
    "@iota/bundle": {
      "version": "1.0.0-beta.12",
      "resolved": "https://registry.npmjs.org/@iota/bundle/-/bundle-1.0.0-beta.12.tgz",
      "integrity": "sha512-Eb18nWzhXB4chq6Nuaz23xP72F65MlDKpgt6KiZ5Lhkfn6P19UYjfC4FXY3K0Cigij2fC1cX+tdefQprCW/TEw==",
      "requires": {
        "@iota/converter": "^1.0.0-beta.12",
        "@iota/kerl": "^1.0.0-beta.12",
        "@iota/signing": "^1.0.0-beta.12",
        "@iota/transaction": "^1.0.0-beta.12",
        "@types/warning": "^3.0.0",
        "warning": "^4.0.3"
      }
    },
    "@iota/bundle-validator": {
      "version": "1.0.0-beta.12",
      "resolved": "https://registry.npmjs.org/@iota/bundle-validator/-/bundle-validator-1.0.0-beta.12.tgz",
      "integrity": "sha512-Kd48tjQ2UlFTAIkP+u6G0tVwM5RFjdGjx7Fvu3PwC9eINVJHYGEb4sX7N85PIkIwowwZfN5mcmzL3G6dkGJmoA==",
      "requires": {
        "@iota/converter": "^1.0.0-beta.12",
        "@iota/kerl": "^1.0.0-beta.12",
        "@iota/signing": "^1.0.0-beta.12",
        "@iota/transaction": "^1.0.0-beta.12",
        "@iota/transaction-converter": "^1.0.0-beta.12"
      }
    },
    "@iota/checksum": {
      "version": "1.0.0-beta.12",
      "resolved": "https://registry.npmjs.org/@iota/checksum/-/checksum-1.0.0-beta.12.tgz",
      "integrity": "sha512-K2Q3bw4P7HJkPxeNjpulCsq/d3c9w2g+wbwYJxi51a18pnlPpd5AyBam9xfNXo8m/S47mmPuctraexgm+Q0Y1A==",
      "requires": {
        "@iota/converter": "^1.0.0-beta.12",
        "@iota/kerl": "^1.0.0-beta.12"
      }
    },
    "@iota/compress": {
      "version": "git+https://github.com/obany/iota-compress.git#230b243cb4c9703862240fd32923608968d6f607",
      "from": "git+https://github.com/obany/iota-compress.git",
      "requires": {
        "compressjs": "^1.0.3"
      }
    },
    "@iota/converter": {
      "version": "1.0.0-beta.12",
      "resolved": "https://registry.npmjs.org/@iota/converter/-/converter-1.0.0-beta.12.tgz",
      "integrity": "sha512-h12Wk72/lCMHOFLE7B6TctMizhGcDQspaYIZlqwQTdij3mPynfTrlyAIJhJw26cf3sNER9sOwR6FgVgSpVYUnQ=="
    },
    "@iota/core": {
      "version": "1.0.0-beta.12",
      "resolved": "https://registry.npmjs.org/@iota/core/-/core-1.0.0-beta.12.tgz",
      "integrity": "sha512-OFJu0SaYrQP+PCFNWx9pvqL6jQwN+DIMt2h5vcEOSlJVIBDyEfDOOiFuMkBgTB7+jF9hDWpg1mtkTrEl9FmLKQ==",
      "requires": {
        "@iota/bundle": "^1.0.0-beta.12",
        "@iota/bundle-validator": "^1.0.0-beta.12",
        "@iota/checksum": "^1.0.0-beta.12",
        "@iota/converter": "^1.0.0-beta.12",
        "@iota/curl": "^1.0.0-beta.12",
        "@iota/http-client": "^1.0.0-beta.12",
        "@iota/kerl": "^1.0.0-beta.12",
        "@iota/pad": "^1.0.0-beta.12",
        "@iota/signing": "^1.0.0-beta.12",
        "@iota/transaction": "^1.0.0-beta.12",
        "@iota/transaction-converter": "^1.0.0-beta.12",
        "bluebird": "^3.5.1"
      }
    },
    "@iota/curl": {
      "version": "1.0.0-beta.12",
      "resolved": "https://registry.npmjs.org/@iota/curl/-/curl-1.0.0-beta.12.tgz",
      "integrity": "sha512-2O6CSBxo+GesW8V4MQobMzIzhmYmPOdhHTcB81cfb4iAXMXY3WlN1IdOjIWzCEkDAUdUX5cpfyjpYDasjxQELg=="
    },
    "@iota/http-client": {
      "version": "1.0.0-beta.12",
      "resolved": "https://registry.npmjs.org/@iota/http-client/-/http-client-1.0.0-beta.12.tgz",
      "integrity": "sha512-FBA23HqMFe/OSim+ouEkVNCPoVIb9sLt2ZtuzvICrrhHYIPiHyZC6QR1cBEmZuQjaY9fXzuBbH20CMpOhL+mtA==",
      "requires": {
        "cross-fetch": "^3.0.0"
      }
    },
    "@iota/kerl": {
      "version": "1.0.0-beta.12",
      "resolved": "https://registry.npmjs.org/@iota/kerl/-/kerl-1.0.0-beta.12.tgz",
      "integrity": "sha512-Af/MxEBvKfkSkrjr87pl4y6qBvHzMGZWTsddBLP3iYJXY+6NW9kHKzO0UEwS/07eiS1y3bKsjP+WFgrnHN8f6Q==",
      "requires": {
        "@types/crypto-js": "^3.1.38",
        "crypto-js": "^3.1.9-1"
      }
    },
    "@iota/pad": {
      "version": "1.0.0-beta.12",
      "resolved": "https://registry.npmjs.org/@iota/pad/-/pad-1.0.0-beta.12.tgz",
      "integrity": "sha512-7WdywCvv65kpSrfvAAmof+Q4Qp2hYYazwwdcox7cdEdp5GV2boqzoLogj8z1yWGKSLNjoWGtG3Ii7E94zBRaIQ=="
    },
    "@iota/signing": {
      "version": "1.0.0-beta.12",
      "resolved": "https://registry.npmjs.org/@iota/signing/-/signing-1.0.0-beta.12.tgz",
      "integrity": "sha512-PnT6gkTZQA7T7FuW4+SoUZuCoCTxRq8TRocaooe1JUu2Mj8xtQ/uJqRcWsxMo1qjFS6qkv6ZudJSyfvJfBKhmQ==",
      "requires": {
        "@iota/converter": "^1.0.0-beta.12",
        "@iota/kerl": "^1.0.0-beta.12",
        "@iota/pad": "^1.0.0-beta.12"
      }
    },
    "@iota/transaction": {
      "version": "1.0.0-beta.12",
      "resolved": "https://registry.npmjs.org/@iota/transaction/-/transaction-1.0.0-beta.12.tgz",
      "integrity": "sha512-l+zvo6gJUOk8t6L9HSsYNbeU5mOovR97BwGmhgVrPBs3Qfv58iSsEBrgpHkjJEvTd3GvLYl7V3FiLWpa1Hdcbw==",
      "requires": {
        "@iota/converter": "^1.0.0-beta.12",
        "@iota/curl": "^1.0.0-beta.12",
        "@iota/kerl": "^1.0.0-beta.12",
        "@iota/signing": "^1.0.0-beta.12",
        "@types/warning": "^3.0.0",
        "warning": "^4.0.3"
      }
    },
    "@iota/transaction-converter": {
      "version": "1.0.0-beta.12",
      "resolved": "https://registry.npmjs.org/@iota/transaction-converter/-/transaction-converter-1.0.0-beta.12.tgz",
      "integrity": "sha512-ePkcOmHuzyGwYmYa8+y6ro9sWS1ZRWtiu05odcEavE8vHgWNdHE9N1EaFH1yjjBltYmdZBlP2RFkoH/Hcl2YRQ==",
      "requires": {
        "@iota/converter": "^1.0.0-beta.12",
        "@iota/pad": "^1.0.0-beta.12",
        "@iota/transaction": "^1.0.0-beta.12"
      }
    },
    "@types/crypto-js": {
      "version": "3.1.43",
      "resolved": "https://registry.npmjs.org/@types/crypto-js/-/crypto-js-3.1.43.tgz",
      "integrity": "sha512-EHe/YKctU3IYNBsDmSOPX/7jLHPRlx8WaiDKSY9JCTnJ8XJeM4c0ZJvx+9Gxmr2s2ihI92R+3U/gNL1sq5oRuQ=="
    },
    "@types/warning": {
      "version": "3.0.0",
      "resolved": "https://registry.npmjs.org/@types/warning/-/warning-3.0.0.tgz",
      "integrity": "sha1-DSUBJorY+ZYrdA04fEZU9fjiPlI="
    },
    "amdefine": {
      "version": "1.0.1",
      "resolved": "https://registry.npmjs.org/amdefine/-/amdefine-1.0.1.tgz",
      "integrity": "sha1-SlKCrBZHKek2Gbz9OtFR+BfOkfU="
    },
    "bluebird": {
      "version": "3.5.5",
      "resolved": "https://registry.npmjs.org/bluebird/-/bluebird-3.5.5.tgz",
      "integrity": "sha512-5am6HnnfN+urzt4yfg7IgTbotDjIT/u8AJpEt0sIU9FtXfVeezXAPKswrG+xKUCOYAINpSdgZVDU6QFh+cuH3w=="
    },
    "commander": {
      "version": "2.8.1",
      "resolved": "https://registry.npmjs.org/commander/-/commander-2.8.1.tgz",
      "integrity": "sha1-Br42f+v9oMMwqh4qBy09yXYkJdQ=",
      "requires": {
        "graceful-readlink": ">= 1.0.0"
      }
    },
    "compressjs": {
      "version": "1.0.3",
      "resolved": "https://registry.npmjs.org/compressjs/-/compressjs-1.0.3.tgz",
      "integrity": "sha1-ldt03VuQOM+AvKMhqw7eJxtJWbY=",
      "requires": {
        "amdefine": "~1.0.0",
        "commander": "~2.8.1"
      }
    },
    "cross-fetch": {
      "version": "3.0.3",
      "resolved": "https://registry.npmjs.org/cross-fetch/-/cross-fetch-3.0.3.tgz",
      "integrity": "sha512-mplYkc4CopHu+AdHK8wxjJcPskUxp5CvPTdtDij3MUgVNBa0xOb9CQqbbn1zO23qISM4WLxIBociyEVQL7WQAg==",
      "requires": {
        "node-fetch": "2.6.0",
        "whatwg-fetch": "3.0.0"
      }
    },
    "crypto-js": {
      "version": "3.1.9-1",
      "resolved": "https://registry.npmjs.org/crypto-js/-/crypto-js-3.1.9-1.tgz",
      "integrity": "sha1-/aGedh/Ad+Af+/3G6f38WeiAbNg="
    },
    "graceful-readlink": {
      "version": "1.0.1",
      "resolved": "https://registry.npmjs.org/graceful-readlink/-/graceful-readlink-1.0.1.tgz",
      "integrity": "sha1-TK+tdrxi8C+gObL5Tpo906ORpyU="
    },
    "js-tokens": {
      "version": "4.0.0",
      "resolved": "https://registry.npmjs.org/js-tokens/-/js-tokens-4.0.0.tgz",
      "integrity": "sha512-RdJUflcE3cUzKiMqQgsCu06FPu9UdIJO0beYbPhHN4k6apgJtifcoCtT9bcxOpYBtpD2kCM6Sbzg4CausW/PKQ=="
    },
    "loose-envify": {
      "version": "1.4.0",
      "resolved": "https://registry.npmjs.org/loose-envify/-/loose-envify-1.4.0.tgz",
      "integrity": "sha512-lyuxPGr/Wfhrlem2CL/UcnUc1zcqKAImBDzukY7Y5F/yQiNdko6+fRLevlw1HgMySw7f611UIY408EtxRSoK3Q==",
      "requires": {
        "js-tokens": "^3.0.0 || ^4.0.0"
      }
    },
    "node-fetch": {
      "version": "2.6.0",
      "resolved": "https://registry.npmjs.org/node-fetch/-/node-fetch-2.6.0.tgz",
      "integrity": "sha512-8dG4H5ujfvFiqDmVu9fQ5bOHUC15JMjMY/Zumv26oOvvVJjM67KF8koCWIabKQ1GJIa9r2mMZscBq/TbdOcmNA=="
    },
    "warning": {
      "version": "4.0.3",
      "resolved": "https://registry.npmjs.org/warning/-/warning-4.0.3.tgz",
      "integrity": "sha512-rpJyN222KWIvHJ/F53XSZv0Zl/accqHR8et1kpaMTD/fLCRxtV8iX8czMzY7sVZupTI3zcUTg8eycS2kNF9l6w==",
      "requires": {
        "loose-envify": "^1.0.0"
      }
    },
    "whatwg-fetch": {
      "version": "3.0.0",
      "resolved": "https://registry.npmjs.org/whatwg-fetch/-/whatwg-fetch-3.0.0.tgz",
      "integrity": "sha512-9GSJUgz1D4MfyKU7KRqwOjXCXTqWdFNvEr7eUBYchQiVc744mqK/MzXPNR2WsPkmkOa4ywfg8C2n8h+13Bey1Q=="
    }
  }
}
